
Microsoft Visual Studio Solution File, Format Version 12.00
# Visual Studio Version 17
VisualStudioVersion = 17.11.35303.130
MinimumVisualStudioVersion = 10.0.40219.1
Project("{FAE04EC0-301F-11D3-BF4B-00C04F79EFBC}") = "OptomoMvvm", "OptomoMvvm\OptomoMvvm.csproj", "{8C44E450-ED36-44DD-BDA8-D504E5D6299C}"
EndProject
Global
	GlobalSection(SolutionConfigurationPlatforms) = preSolution
		Debug|Any CPU = Debug|Any CPU
		Release|Any CPU = Release|Any CPU
	EndGlobalSection
	GlobalSection(ProjectConfigurationPlatforms) = postSolution
		{8C44E450-ED36-44DD-BDA8-D504E5D6299C}.Debug|Any CPU.ActiveCfg = Debug|Any CPU
		{8C44E450-ED36-44DD-BDA8-D504E5D6299C}.Debug|Any CPU.Build.0 = Debug|Any CPU
		{8C44E450-ED36-44DD-BDA8-D504E5D6299C}.Release|Any CPU.ActiveCfg = Release|Any CPU
		{8C44E450-ED36-44DD-BDA8-D504E5D6299C}.Release|Any CPU.Build.0 = Release|Any CPU
	EndGlobalSection
	GlobalSection(SolutionProperties) = preSolution
		HideSolutionNode = FALSE
	EndGlobalSection
	GlobalSection(ExtensibilityGlobals) = postSolution
		SolutionGuid = {51255956-78A3-4AB3-ABB2-4F7AFBC00F9D}
	EndGlobalSection
EndGlobal
